
Microsoft Visual Studio Solution File, Format Version 12.00
# Visual Studio Version 16
VisualStudioVersion = 16.0.30711.63
MinimumVisualStudioVersion = 10.0.40219.1
Project("{FAE04EC0-301F-11D3-BF4B-00C04F79EFBC}") = "Swagger", "Swagger.csproj", "{687FC580-61C4-4316-8A31-7A758BAC2796}"
EndProject
Global
	GlobalSection(SolutionConfigurationPlatforms) = preSolution
		Debug|Any CPU = Debug|Any CPU
		Release|Any CPU = Release|Any CPU
	EndGlobalSection
	GlobalSection(ProjectConfigurationPlatforms) = postSolution
		{687FC580-61C4-4316-8A31-7A758BAC2796}.Debug|Any CPU.ActiveCfg = Debug|Any CPU
		{687FC580-61C4-4316-8A31-7A758BAC2796}.Debug|Any CPU.Build.0 = Debug|Any CPU
		{687FC580-61C4-4316-8A31-7A758BAC2796}.Release|Any CPU.ActiveCfg = Release|Any CPU
		{687FC580-61C4-4316-8A31-7A758BAC2796}.Release|Any CPU.Build.0 = Release|Any CPU
	EndGlobalSection
	GlobalSection(SolutionProperties) = preSolution
		HideSolutionNode = FALSE
	EndGlobalSection
	GlobalSection(ExtensibilityGlobals) = postSolution
		SolutionGuid = {90082108-F343-4C32-A138-71DA7A9861E9}
	EndGlobalSection
EndGlobal
